// !$*UTF8*$!
{
	archiveVersion = 1;
	classes = {
	};
	objectVersion = 46;
	objects = {

/* Begin PBXBuildFile section */
		6B0292771B6FBDE0004E36D8 /* CEMovieMaker.m in Sources */ = {isa = PBXBuildFile; fileRef = 6B0292751B6FBDE0004E36D8 /* CEMovieMaker.m */; };
		6B5C79B71B70987800969741 /* AVFoundation.framework in Frameworks */ = {isa = PBXBuildFile; fileRef = 6B5C79B61B70987800969741 /* AVFoundation.framework */; };
		6B5C79B91B70988100969741 /* CoreMedia.framework in Frameworks */ = {isa = PBXBuildFile; fileRef = 6B5C79B81B70988100969741 /* CoreMedia.framework */; };
		6B5C79BB1B70988D00969741 /* SystemConfiguration.framework in Frameworks */ = {isa = PBXBuildFile; fileRef = 6B5C79BA1B70988D00969741 /* SystemConfiguration.framework */; };
		6B5C79BD1B70989600969741 /* StoreKit.framework in Frameworks */ = {isa = PBXBuildFile; fileRef = 6B5C79BC1B70989600969741 /* StoreKit.framework */; };
		6B5C79BF1B7098A200969741 /* CoreTelephony.framework in Frameworks */ = {isa = PBXBuildFile; fileRef = 6B5C79BE1B7098A200969741 /* CoreTelephony.framework */; };
		6B5C79C11B7098AB00969741 /* AdSupport.framework in Frameworks */ = {isa = PBXBuildFile; fileRef = 6B5C79C01B7098AB00969741 /* AdSupport.framework */; };
		6B5C79C31B7098CB00969741 /* UnityAds.framework in Frameworks */ = {isa = PBXBuildFile; fileRef = 6B5C79C21B7098CB00969741 /* UnityAds.framework */; };
		6B5C79C61B7098D600969741 /* UnityAds.bundle in Resources */ = {isa = PBXBuildFile; fileRef = 6B5C79C41B7098D600969741 /* UnityAds.bundle */; };
		6B5C79C71B7098D600969741 /* UnityAds.framework in Frameworks */ = {isa = PBXBuildFile; fileRef = 6B5C79C51B7098D600969741 /* UnityAds.framework */; };
		6B6E16321B7CC94D00414291 /* ANS_P0_01_01.m4a in Resources */ = {isa = PBXBuildFile; fileRef = 6B6E15CE1B7CC94D00414291 /* ANS_P0_01_01.m4a */; };
		6B6E16331B7CC94D00414291 /* ANS_P0_01_02.m4a in Resources */ = {isa = PBXBuildFile; fileRef = 6B6E15CF1B7CC94D00414291 /* ANS_P0_01_02.m4a */; };
		6B6E16341B7CC94D00414291 /* ANS_P0_01_03.m4a in Resources */ = {isa = PBXBuildFile; fileRef = 6B6E15D01B7CC94D00414291 /* ANS_P0_01_03.m4a */; };
		6B6E16351B7CC94D00414291 /* ANS_P0_01_04.m4a in Resources */ = {isa = PBXBuildFile; fileRef = 6B6E15D11B7CC94D00414291 /* ANS_P0_01_04.m4a */; };
		6B6E16361B7CC94D00414291 /* ANS_P0_01_05.m4a in Resources */ = {isa = PBXBuildFile; fileRef = 6B6E15D21B7CC94D00414291 /* ANS_P0_01_05.m4a */; };
		6B6E16371B7CC94D00414291 /* ANS_P0_01_06.m4a in Resources */ = {isa = PBXBuildFile; fileRef = 6B6E15D31B7CC94D00414291 /* ANS_P0_01_06.m4a */; };
		6B6E16381B7CC94D00414291 /* ANS_P0_01_07.m4a in Resources */ = {isa = PBXBuildFile; fileRef = 6B6E15D41B7CC94D00414291 /* ANS_P0_01_07.m4a */; };
		6B6E16391B7CC94D00414291 /* ANS_P0_01_08.m4a in Resources */ = {isa = PBXBuildFile; fileRef = 6B6E15D51B7CC94D00414291 /* ANS_P0_01_08.m4a */; };
		6B6E163A1B7CC94D00414291 /* ANS_P0_02_01.m4a in Resources */ = {isa = PBXBuildFile; fileRef = 6B6E15D61B7CC94D00414291 /* ANS_P0_02_01.m4a */; };
		6B6E163B1B7CC94D00414291 /* ANS_P0_02_02.m4a in Resources */ = {isa = PBXBuildFile; fileRef = 6B6E15D71B7CC94D00414291 /* ANS_P0_02_02.m4a */; };
		6B6E163C1B7CC94D00414291 /* ANS_P0_02_03.m4a in Resources */ = {isa = PBXBuildFile; fileRef = 6B6E15D81B7CC94D00414291 /* ANS_P0_02_03.m4a */; };
		6B6E163D1B7CC94D00414291 /* ANS_P0_02_04.m4a in Resources */ = {isa = PBXBuildFile; fileRef = 6B6E15D91B7CC94D00414291 /* ANS_P0_02_04.m4a */; };
		6B6E163E1B7CC94D00414291 /* ANS_P0_02_05.m4a in Resources */ = {isa = PBXBuildFile; fileRef = 6B6E15DA1B7CC94D00414291 /* ANS_P0_02_05.m4a */; };
		6B6E163F1B7CC94D00414291 /* ANS_P0_02_06.m4a in Resources */ = {isa = PBXBuildFile; fileRef = 6B6E15DB1B7CC94D00414291 /* ANS_P0_02_06.m4a */; };
		6B6E16401B7CC94D00414291 /* ANS_P0_02_07.m4a in Resources */ = {isa = PBXBuildFile; fileRef = 6B6E15DC1B7CC94D00414291 /* ANS_P0_02_07.m4a */; };
		6B6E16411B7CC94D00414291 /* ANS_P0_02_08.m4a in Resources */ = {isa = PBXBuildFile; fileRef = 6B6E15DD1B7CC94D00414291 /* ANS_P0_02_08.m4a */; };
		6B6E16421B7CC94D00414291 /* ANS_P0_03_01.m4a in Resources */ = {isa = PBXBuildFile; fileRef = 6B6E15DE1B7CC94D00414291 /* ANS_P0_03_01.m4a */; };
		6B6E16431B7CC94D00414291 /* ANS_P0_03_02.m4a in Resources */ = {isa = PBXBuildFile; fileRef = 6B6E15DF1B7CC94D00414291 /* ANS_P0_03_02.m4a */; };
		6B6E16441B7CC94D00414291 /* ANS_P0_03_03.m4a in Resources */ = {isa = PBXBuildFile; fileRef = 6B6E15E01B7CC94D00414291 /* ANS_P0_03_03.m4a */; };
		6B6E16451B7CC94D00414291 /* ANS_P0_03_04.m4a in Resources */ = {isa = PBXBuildFile; fileRef = 6B6E15E11B7CC94D00414291 /* ANS_P0_03_04.m4a */; };
		6B6E16461B7CC94D00414291 /* ANS_P0_03_05.m4a in Resources */ = {isa = PBXBuildFile; fileRef = 6B6E15E21B7CC94D00414291 /* ANS_P0_03_05.m4a */; };
		6B6E16471B7CC94D00414291 /* ANS_P0_03_06.m4a in Resources */ = {isa = PBXBuildFile; fileRef = 6B6E15E31B7CC94D00414291 /* ANS_P0_03_06.m4a */; };
		6B6E16481B7CC94D00414291 /* ANS_P0_03_07.m4a in Resources */ = {isa = PBXBuildFile; fileRef = 6B6E15E41B7CC94D00414291 /* ANS_P0_03_07.m4a */; };
		6B6E16491B7CC94D00414291 /* ANS_P0_03_08.m4a in Resources */ = {isa = PBXBuildFile; fileRef = 6B6E15E51B7CC94D00414291 /* ANS_P0_03_08.m4a */; };
		6B6E164A1B7CC94D00414291 /* ANS_P0_04_01.m4a in Resources */ = {isa = PBXBuildFile; fileRef = 6B6E15E61B7CC94D00414291 /* ANS_P0_04_01.m4a */; };
		6B6E164B1B7CC94D00414291 /* ANS_P0_04_02.m4a in Resources */ = {isa = PBXBuildFile; fileRef = 6B6E15E71B7CC94D00414291 /* ANS_P0_04_02.m4a */; };
		6B6E164C1B7CC94D00414291 /* ANS_P0_04_03.m4a in Resources */ = {isa = PBXBuildFile; fileRef = 6B6E15E81B7CC94D00414291 /* ANS_P0_04_03.m4a */; };
		6B6E164D1B7CC94D00414291 /* ANS_P0_04_04.m4a in Resources */ = {isa = PBXBuildFile; fileRef = 6B6E15E91B7CC94D00414291 /* ANS_P0_04_04.m4a */; };
		6B6E164E1B7CC94D00414291 /* ANS_P0_04_05.m4a in Resources */ = {isa = PBXBuildFile; fileRef = 6B6E15EA1B7CC94D00414291 /* ANS_P0_04_05.m4a */; };
		6B6E164F1B7CC94D00414291 /* ANS_P0_04_06.m4a in Resources */ = {isa = PBXBuildFile; fileRef = 6B6E15EB1B7CC94D00414291 /* ANS_P0_04_06.m4a */; };
		6B6E16501B7CC94D00414291 /* ANS_P0_04_07.m4a in Resources */ = {isa = PBXBuildFile; fileRef = 6B6E15EC1B7CC94D00414291 /* ANS_P0_04_07.m4a */; };
		6B6E16511B7CC94D00414291 /* ANS_P0_04_08.m4a in Resources */ = {isa = PBXBuildFile; fileRef = 6B6E15ED1B7CC94D00414291 /* ANS_P0_04_08.m4a */; };
		6B6E16521B7CC94D00414291 /* ANS_P0_05_01.m4a in Resources */ = {isa = PBXBuildFile; fileRef = 6B6E15EE1B7CC94D00414291 /* ANS_P0_05_01.m4a */; };
		6B6E16531B7CC94D00414291 /* ANS_P0_05_02.m4a in Resources */ = {isa = PBXBuildFile; fileRef = 6B6E15EF1B7CC94D00414291 /* ANS_P0_05_02.m4a */; };
		6B6E16541B7CC94D00414291 /* ANS_P0_05_03.m4a in Resources */ = {isa = PBXBuildFile; fileRef = 6B6E15F01B7CC94D00414291 /* ANS_P0_05_03.m4a */; };
		6B6E16551B7CC94D00414291 /* ANS_P0_05_04.m4a in Resources */ = {isa = PBXBuildFile; fileRef = 6B6E15F11B7CC94D00414291 /* ANS_P0_05_04.m4a */; };
		6B6E16561B7CC94D00414291 /* ANS_P0_05_05.m4a in Resources */ = {isa = PBXBuildFile; fileRef = 6B6E15F21B7CC94D00414291 /* ANS_P0_05_05.m4a */; };
		6B6E16571B7CC94D00414291 /* ANS_P0_05_06.m4a in Resources */ = {isa = PBXBuildFile; fileRef = 6B6E15F31B7CC94D00414291 /* ANS_P0_05_06.m4a */; };
		6B6E16581B7CC94D00414291 /* ANS_P0_05_07.m4a in Resources */ = {isa = PBXBuildFile; fileRef = 6B6E15F41B7CC94D00414291 /* ANS_P0_05_07.m4a */; };
		6B6E16591B7CC94D00414291 /* ANS_P0_05_08.m4a in Resources */ = {isa = PBXBuildFile; fileRef = 6B6E15F51B7CC94D00414291 /* ANS_P0_05_08.m4a */; };
		6B6E165A1B7CC94D00414291 /* ANS_P0_06_01.m4a in Resources */ = {isa = PBXBuildFile; fileRef = 6B6E15F61B7CC94D00414291 /* ANS_P0_06_01.m4a */; };
		6B6E165B1B7CC94D00414291 /* ANS_P0_06_02.m4a in Resources */ = {isa = PBXBuildFile; fileRef = 6B6E15F71B7CC94D00414291 /* ANS_P0_06_02.m4a */; };
		6B6E165C1B7CC94D00414291 /* ANS_P0_06_03.m4a in Resources */ = {isa = PBXBuildFile; fileRef = 6B6E15F81B7CC94D00414291 /* ANS_P0_06_03.m4a */; };
		6B6E165D1B7CC94D00414291 /* ANS_P0_06_04.m4a in Resources */ = {isa = PBXBuildFile; fileRef = 6B6E15F91B7CC94D00414291 /* ANS_P0_06_04.m4a */; };
		6B6E165E1B7CC94D00414291 /* ANS_P0_06_05.m4a in Resources */ = {isa = PBXBuildFile; fileRef = 6B6E15FA1B7CC94D00414291 /* ANS_P0_06_05.m4a */; };
		6B6E165F1B7CC94D00414291 /* ANS_P0_06_06.m4a in Resources */ = {isa = PBXBuildFile; fileRef = 6B6E15FB1B7CC94D00414291 /* ANS_P0_06_06.m4a */; };
		6B6E16601B7CC94D00414291 /* ANS_P0_06_07.m4a in Resources */ = {isa = PBXBuildFile; fileRef = 6B6E15FC1B7CC94D00414291 /* ANS_P0_06_07.m4a */; };
		6B6E16611B7CC94D00414291 /* ANS_P0_06_08.m4a in Resources */ = {isa = PBXBuildFile; fileRef = 6B6E15FD1B7CC94D00414291 /* ANS_P0_06_08.m4a */; };
		6B6E16621B7CC94D00414291 /* ANS_P0_07_01.m4a in Resources */ = {isa = PBXBuildFile; fileRef = 6B6E15FE1B7CC94D00414291 /* ANS_P0_07_01.m4a */; };
		6B6E16631B7CC94D00414291 /* ANS_P0_07_02.m4a in Resources */ = {isa = PBXBuildFile; fileRef = 6B6E15FF1B7CC94D00414291 /* ANS_P0_07_02.m4a */; };
		6B6E16641B7CC94D00414291 /* ANS_P0_07_03.m4a in Resources */ = {isa = PBXBuildFile; fileRef = 6B6E16001B7CC94D00414291 /* ANS_P0_07_03.m4a */; };
		6B6E16651B7CC94D00414291 /* ANS_P0_07_04.m4a in Resources */ = {isa = PBXBuildFile; fileRef = 6B6E16011B7CC94D00414291 /* ANS_P0_07_04.m4a */; };
		6B6E16661B7CC94D00414291 /* ANS_P0_07_05.m4a in Resources */ = {isa = PBXBuildFile; fileRef = 6B6E16021B7CC94D00414291 /* ANS_P0_07_05.m4a */; };
		6B6E16671B7CC94D00414291 /* ANS_P0_07_06.m4a in Resources */ = {isa = PBXBuildFile; fileRef = 6B6E16031B7CC94D00414291 /* ANS_P0_07_06.m4a */; };
		6B6E16681B7CC94D00414291 /* ANS_P0_07_07.m4a in Resources */ = {isa = PBXBuildFile; fileRef = 6B6E16041B7CC94D00414291 /* ANS_P0_07_07.m4a */; };
		6B6E16691B7CC94D00414291 /* ANS_P0_07_08.m4a in Resources */ = {isa = PBXBuildFile; fileRef = 6B6E16051B7CC94D00414291 /* ANS_P0_07_08.m4a */; };
		6B6E166A1B7CC94D00414291 /* HI_P0_01_01.m4a in Resources */ = {isa = PBXBuildFile; fileRef = 6B6E16071B7CC94D00414291 /* HI_P0_01_01.m4a */; };
		6B6E166B1B7CC94D00414291 /* HI_P0_01_02.m4a in Resources */ = {isa = PBXBuildFile; fileRef = 6B6E16081B7CC94D00414291 /* HI_P0_01_02.m4a */; };
		6B6E166C1B7CC94D00414291 /* HI_P0_01_03.m4a in Resources */ = {isa = PBXBuildFile; fileRef = 6B6E16091B7CC94D00414291 /* HI_P0_01_03.m4a */; };
		6B6E166D1B7CC94D00414291 /* HI_P0_02_01.m4a in Resources */ = {isa = PBXBuildFile; fileRef = 6B6E160A1B7CC94D00414291 /* HI_P0_02_01.m4a */; };
		6B6E166E1B7CC94D00414291 /* HI_P0_02_02.m4a in Resources */ = {isa = PBXBuildFile; fileRef = 6B6E160B1B7CC94D00414291 /* HI_P0_02_02.m4a */; };
		6B6E166F1B7CC94D00414291 /* HI_P0_02_03.m4a in Resources */ = {isa = PBXBuildFile; fileRef = 6B6E160C1B7CC94D00414291 /* HI_P0_02_03.m4a */; };
		6B6E16701B7CC94D00414291 /* HI_P0_03_01.m4a in Resources */ = {isa = PBXBuildFile; fileRef = 6B6E160D1B7CC94D00414291 /* HI_P0_03_01.m4a */; };
		6B6E16711B7CC94D00414291 /* HI_P0_03_02.m4a in Resources */ = {isa = PBXBuildFile; fileRef = 6B6E160E1B7CC94D00414291 /* HI_P0_03_02.m4a */; };
		6B6E16721B7CC94D00414291 /* HI_P0_03_03.m4a in Resources */ = {isa = PBXBuildFile; fileRef = 6B6E160F1B7CC94D00414291 /* HI_P0_03_03.m4a */; };
		6B6E16731B7CC94D00414291 /* HI_P0_04_01.m4a in Resources */ = {isa = PBXBuildFile; fileRef = 6B6E16101B7CC94D00414291 /* HI_P0_04_01.m4a */; };
		6B6E16741B7CC94D00414291 /* HI_P0_04_02.m4a in Resources */ = {isa = PBXBuildFile; fileRef = 6B6E16111B7CC94D00414291 /* HI_P0_04_02.m4a */; };
		6B6E16751B7CC94D00414291 /* HI_P0_04_03.m4a in Resources */ = {isa = PBXBuildFile; fileRef = 6B6E16121B7CC94D00414291 /* HI_P0_04_03.m4a */; };
		6B6E16761B7CC94D00414291 /* HI_P0_05_01.m4a in Resources */ = {isa = PBXBuildFile; fileRef = 6B6E16131B7CC94D00414291 /* HI_P0_05_01.m4a */; };
		6B6E16771B7CC94D00414291 /* HI_P0_05_02.m4a in Resources */ = {isa = PBXBuildFile; fileRef = 6B6E16141B7CC94D00414291 /* HI_P0_05_02.m4a */; };
		6B6E16781B7CC94D00414291 /* HI_P0_05_03.m4a in Resources */ = {isa = PBXBuildFile; fileRef = 6B6E16151B7CC94D00414291 /* HI_P0_05_03.m4a */; };
		6B6E16791B7CC94D00414291 /* HI_P0_06_01.m4a in Resources */ = {isa = PBXBuildFile; fileRef = 6B6E16161B7CC94D00414291 /* HI_P0_06_01.m4a */; };
		6B6E167A1B7CC94D00414291 /* HI_P0_06_02.m4a in Resources */ = {isa = PBXBuildFile; fileRef = 6B6E16171B7CC94D00414291 /* HI_P0_06_02.m4a */; };
		6B6E167B1B7CC94D00414291 /* HI_P0_06_03.m4a in Resources */ = {isa = PBXBuildFile; fileRef = 6B6E16181B7CC94D00414291 /* HI_P0_06_03.m4a */; };
		6B6E167C1B7CC94D00414291 /* HI_P0_07_01.m4a in Resources */ = {isa = PBXBuildFile; fileRef = 6B6E16191B7CC94D00414291 /* HI_P0_07_01.m4a */; };
		6B6E167D1B7CC94D00414291 /* HI_P0_07_02.m4a in Resources */ = {isa = PBXBuildFile; fileRef = 6B6E161A1B7CC94D00414291 /* HI_P0_07_02.m4a */; };
		6B6E167E1B7CC94D00414291 /* HI_P0_07_03.m4a in Resources */ = {isa = PBXBuildFile; fileRef = 6B6E161B1B7CC94D00414291 /* HI_P0_07_03.m4a */; };
		6B6E167F1B7CC94D00414291 /* WARN_P0_01_01.m4a in Resources */ = {isa = PBXBuildFile; fileRef = 6B6E161D1B7CC94D00414291 /* WARN_P0_01_01.m4a */; };
		6B6E16801B7CC94D00414291 /* WARN_P0_01_02.m4a in Resources */ = {isa = PBXBuildFile; fileRef = 6B6E161E1B7CC94D00414291 /* WARN_P0_01_02.m4a */; };
		6B6E16811B7CC94D00414291 /* WARN_P0_01_03.m4a in Resources */ = {isa = PBXBuildFile; fileRef = 6B6E161F1B7CC94D00414291 /* WARN_P0_01_03.m4a */; };
		6B6E16821B7CC94D00414291 /* WARN_P0_02_01.m4a in Resources */ = {isa = PBXBuildFile; fileRef = 6B6E16201B7CC94D00414291 /* WARN_P0_02_01.m4a */; };
		6B6E16831B7CC94D00414291 /* WARN_P0_02_02.m4a in Resources */ = {isa = PBXBuildFile; fileRef = 6B6E16211B7CC94D00414291 /* WARN_P0_02_02.m4a */; };
		6B6E16841B7CC94D00414291 /* WARN_P0_02_03.m4a in Resources */ = {isa = PBXBuildFile; fileRef = 6B6E16221B7CC94D00414291 /* WARN_P0_02_03.m4a */; };
		6B6E16851B7CC94D00414291 /* WARN_P0_03_01.m4a in Resources */ = {isa = PBXBuildFile; fileRef = 6B6E16231B7CC94D00414291 /* WARN_P0_03_01.m4a */; };
		6B6E16861B7CC94D00414291 /* WARN_P0_03_02.m4a in Resources */ = {isa = PBXBuildFile; fileRef = 6B6E16241B7CC94D00414291 /* WARN_P0_03_02.m4a */; };
		6B6E16871B7CC94D00414291 /* WARN_P0_03_03.m4a in Resources */ = {isa = PBXBuildFile; fileRef = 6B6E16251B7CC94D00414291 /* WARN_P0_03_03.m4a */; };
		6B6E16881B7CC94D00414291 /* WARN_P0_04_01.m4a in Resources */ = {isa = PBXBuildFile; fileRef = 6B6E16261B7CC94D00414291 /* WARN_P0_04_01.m4a */; };
		6B6E16891B7CC94D00414291 /* WARN_P0_04_02.m4a in Resources */ = {isa = PBXBuildFile; fileRef = 6B6E16271B7CC94D00414291 /* WARN_P0_04_02.m4a */; };
		6B6E168A1B7CC94D00414291 /* WARN_P0_04_03.m4a in Resources */ = {isa = PBXBuildFile; fileRef = 6B6E16281B7CC94D00414291 /* WARN_P0_04_03.m4a */; };
		6B6E168B1B7CC94D00414291 /* WARN_P0_05_01.m4a in Resources */ = {isa = PBXBuildFile; fileRef = 6B6E16291B7CC94D00414291 /* WARN_P0_05_01.m4a */; };
		6B6E168C1B7CC94D00414291 /* WARN_P0_05_02.m4a in Resources */ = {isa = PBXBuildFile; fileRef = 6B6E162A1B7CC94D00414291 /* WARN_P0_05_02.m4a */; };
		6B6E168D1B7CC94D00414291 /* WARN_P0_05_03.m4a in Resources */ = {isa = PBXBuildFile; fileRef = 6B6E162B1B7CC94D00414291 /* WARN_P0_05_03.m4a */; };
		6B6E168E1B7CC94D00414291 /* WARN_P0_06_01.m4a in Resources */ = {isa = PBXBuildFile; fileRef = 6B6E162C1B7CC94D00414291 /* WARN_P0_06_01.m4a */; };
		6B6E168F1B7CC94D00414291 /* WARN_P0_06_02.m4a in Resources */ = {isa = PBXBuildFile; fileRef = 6B6E162D1B7CC94D00414291 /* WARN_P0_06_02.m4a */; };
		6B6E16901B7CC94D00414291 /* WARN_P0_06_03.m4a in Resources */ = {isa = PBXBuildFile; fileRef = 6B6E162E1B7CC94D00414291 /* WARN_P0_06_03.m4a */; };
		6B6E16911B7CC94D00414291 /* WARN_P0_07_01.m4a in Resources */ = {isa = PBXBuildFile; fileRef = 6B6E162F1B7CC94D00414291 /* WARN_P0_07_01.m4a */; };
		6B6E16921B7CC94D00414291 /* WARN_P0_07_02.m4a in Resources */ = {isa = PBXBuildFile; fileRef = 6B6E16301B7CC94D00414291 /* WARN_P0_07_02.m4a */; };
		6B6E16931B7CC94D00414291 /* WARN_P0_07_03.m4a in Resources */ = {isa = PBXBuildFile; fileRef = 6B6E16311B7CC94D00414291 /* WARN_P0_07_03.m4a */; };
		6B6E16971B7CD13C00414291 /* ANSWER.m4a in Resources */ = {isa = PBXBuildFile; fileRef = 6B6E16941B7CD13C00414291 /* ANSWER.m4a */; };
		6B6E16981B7CD13C00414291 /* QUESTION.m4a in Resources */ = {isa = PBXBuildFile; fileRef = 6B6E16951B7CD13C00414291 /* QUESTION.m4a */; };
		6B6E16991B7CD13C00414291 /* STOP_QUESTION.m4a in Resources */ = {isa = PBXBuildFile; fileRef = 6B6E16961B7CD13C00414291 /* STOP_QUESTION.m4a */; };
		6B7CB03E1B6D71C2006DD3C3 /* AppConfiguration.swift in Sources */ = {isa = PBXBuildFile; fileRef = 6B7CB03D1B6D71C2006DD3C3 /* AppConfiguration.swift */; };
		6B94F2351B74A7E5007207F4 /* Social.framework in Frameworks */ = {isa = PBXBuildFile; fileRef = 6B94F2341B74A7E5007207F4 /* Social.framework */; };
		6BBAF5D71B661C7300BA3FD8 /* AppDelegate.swift in Sources */ = {isa = PBXBuildFile; fileRef = 6BBAF5D61B661C7300BA3FD8 /* AppDelegate.swift */; };
		6BBAF5D91B661C7300BA3FD8 /* ViewController.swift in Sources */ = {isa = PBXBuildFile; fileRef = 6BBAF5D81B661C7300BA3FD8 /* ViewController.swift */; };
		6BBAF5DC1B661C7300BA3FD8 /* Main.storyboard in Resources */ = {isa = PBXBuildFile; fileRef = 6BBAF5DA1B661C7300BA3FD8 /* Main.storyboard */; };
		6BBAF5DE1B661C7300BA3FD8 /* Images.xcassets in Resources */ = {isa = PBXBuildFile; fileRef = 6BBAF5DD1B661C7300BA3FD8 /* Images.xcassets */; };
		6BBAF5E11B661C7300BA3FD8 /* LaunchScreen.xib in Resources */ = {isa = PBXBuildFile; fileRef = 6BBAF5DF1B661C7300BA3FD8 /* LaunchScreen.xib */; };
		6BBAF5ED1B661C7400BA3FD8 /* hearmebrosTests.swift in Sources */ = {isa = PBXBuildFile; fileRef = 6BBAF5EC1B661C7400BA3FD8 /* hearmebrosTests.swift */; };
/* End PBXBuildFile section */

/* Begin PBXContainerItemProxy section */
		6BBAF5E71B661C7400BA3FD8 /* PBXContainerItemProxy */ = {
			isa = PBXContainerItemProxy;
			containerPortal = 6BBAF5C91B661C7300BA3FD8 /* Project object */;
			proxyType = 1;
			remoteGlobalIDString = 6BBAF5D01B661C7300BA3FD8;
			remoteInfo = hearmebros;
		};
/* End PBXContainerItemProxy section */

/* Begin PBXFileReference section */
		6B0292741B6FBDE0004E36D8 /* CEMovieMaker.h */ = {isa = PBXFileReference; fileEncoding = 4; lastKnownFileType = sourcecode.c.h; path = CEMovieMaker.h; sourceTree = "<group>"; };
		6B0292751B6FBDE0004E36D8 /* CEMovieMaker.m */ = {isa = PBXFileReference; fileEncoding = 4; lastKnownFileType = sourcecode.c.objc; path = CEMovieMaker.m; sourceTree = "<group>"; };
		6B0292761B6FBDE0004E36D8 /* HearMeBros-Bridging-Header.h */ = {isa = PBXFileReference; fileEncoding = 4; lastKnownFileType = sourcecode.c.h; path = "HearMeBros-Bridging-Header.h"; sourceTree = "<group>"; };
		6B5C79B61B70987800969741 /* AVFoundation.framework */ = {isa = PBXFileReference; lastKnownFileType = wrapper.framework; name = AVFoundation.framework; path = System/Library/Frameworks/AVFoundation.framework; sourceTree = SDKROOT; };
		6B5C79B81B70988100969741 /* CoreMedia.framework */ = {isa = PBXFileReference; lastKnownFileType = wrapper.framework; name = CoreMedia.framework; path = System/Library/Frameworks/CoreMedia.framework; sourceTree = SDKROOT; };
		6B5C79BA1B70988D00969741 /* SystemConfiguration.framework */ = {isa = PBXFileReference; lastKnownFileType = wrapper.framework; name = SystemConfiguration.framework; path = System/Library/Frameworks/SystemConfiguration.framework; sourceTree = SDKROOT; };
		6B5C79BC1B70989600969741 /* StoreKit.framework */ = {isa = PBXFileReference; lastKnownFileType = wrapper.framework; name = StoreKit.framework; path = System/Library/Frameworks/StoreKit.framework; sourceTree = SDKROOT; };
		6B5C79BE1B7098A200969741 /* CoreTelephony.framework */ = {isa = PBXFileReference; lastKnownFileType = wrapper.framework; name = CoreTelephony.framework; path = System/Library/Frameworks/CoreTelephony.framework; sourceTree = SDKROOT; };
		6B5C79C01B7098AB00969741 /* AdSupport.framework */ = {isa = PBXFileReference; lastKnownFileType = wrapper.framework; name = AdSupport.framework; path = System/Library/Frameworks/AdSupport.framework; sourceTree = SDKROOT; };
		6B5C79C21B7098CB00969741 /* UnityAds.framework */ = {isa = PBXFileReference; lastKnownFileType = wrapper.framework; path = UnityAds.framework; sourceTree = "<group>"; };
		6B5C79C41B7098D600969741 /* UnityAds.bundle */ = {isa = PBXFileReference; lastKnownFileType = "wrapper.plug-in"; path = UnityAds.bundle; sourceTree = "<group>"; };
		6B5C79C51B7098D600969741 /* UnityAds.framework */ = {isa = PBXFileReference; lastKnownFileType = wrapper.framework; path = UnityAds.framework; sourceTree = "<group>"; };
		6B6E15CE1B7CC94D00414291 /* ANS_P0_01_01.m4a */ = {isa = PBXFileReference; lastKnownFileType = file; path = ANS_P0_01_01.m4a; sourceTree = "<group>"; };
		6B6E15CF1B7CC94D00414291 /* ANS_P0_01_02.m4a */ = {isa = PBXFileReference; lastKnownFileType = file; path = ANS_P0_01_02.m4a; sourceTree = "<group>"; };
		6B6E15D01B7CC94D00414291 /* ANS_P0_01_03.m4a */ = {isa = PBXFileReference; lastKnownFileType = file; path = ANS_P0_01_03.m4a; sourceTree = "<group>"; };
		6B6E15D11B7CC94D00414291 /* ANS_P0_01_04.m4a */ = {isa = PBXFileReference; lastKnownFileType = file; path = ANS_P0_01_04.m4a; sourceTree = "<group>"; };
		6B6E15D21B7CC94D00414291 /* ANS_P0_01_05.m4a */ = {isa = PBXFileReference; lastKnownFileType = file; path = ANS_P0_01_05.m4a; sourceTree = "<group>"; };
		6B6E15D31B7CC94D00414291 /* ANS_P0_01_06.m4a */ = {isa = PBXFileReference; lastKnownFileType = file; path = ANS_P0_01_06.m4a; sourceTree = "<group>"; };
		6B6E15D41B7CC94D00414291 /* ANS_P0_01_07.m4a */ = {isa = PBXFileReference; lastKnownFileType = file; path = ANS_P0_01_07.m4a; sourceTree = "<group>"; };
		6B6E15D51B7CC94D00414291 /* ANS_P0_01_08.m4a */ = {isa = PBXFileReference; lastKnownFileType = file; path = ANS_P0_01_08.m4a; sourceTree = "<group>"; };
		6B6E15D61B7CC94D00414291 /* ANS_P0_02_01.m4a */ = {isa = PBXFileReference; lastKnownFileType = file; path = ANS_P0_02_01.m4a; sourceTree = "<group>"; };
		6B6E15D71B7CC94D00414291 /* ANS_P0_02_02.m4a */ = {isa = PBXFileReference; lastKnownFileType = file; path = ANS_P0_02_02.m4a; sourceTree = "<group>"; };
		6B6E15D81B7CC94D00414291 /* ANS_P0_02_03.m4a */ = {isa = PBXFileReference; lastKnownFileType = file; path = ANS_P0_02_03.m4a; sourceTree = "<group>"; };
		6B6E15D91B7CC94D00414291 /* ANS_P0_02_04.m4a */ = {isa = PBXFileReference; lastKnownFileType = file; path = ANS_P0_02_04.m4a; sourceTree = "<group>"; };
		6B6E15DA1B7CC94D00414291 /* ANS_P0_02_05.m4a */ = {isa = PBXFileReference; lastKnownFileType = file; path = ANS_P0_02_05.m4a; sourceTree = "<group>"; };
		6B6E15DB1B7CC94D00414291 /* ANS_P0_02_06.m4a */ = {isa = PBXFileReference; lastKnownFileType = file; path = ANS_P0_02_06.m4a; sourceTree = "<group>"; };
		6B6E15DC1B7CC94D00414291 /* ANS_P0_02_07.m4a */ = {isa = PBXFileReference; lastKnownFileType = file; path = ANS_P0_02_07.m4a; sourceTree = "<group>"; };
		6B6E15DD1B7CC94D00414291 /* ANS_P0_02_08.m4a */ = {isa = PBXFileReference; lastKnownFileType = file; path = ANS_P0_02_08.m4a; sourceTree = "<group>"; };
		6B6E15DE1B7CC94D00414291 /* ANS_P0_03_01.m4a */ = {isa = PBXFileReference; lastKnownFileType = file; path = ANS_P0_03_01.m4a; sourceTree = "<group>"; };
		6B6E15DF1B7CC94D00414291 /* ANS_P0_03_02.m4a */ = {isa = PBXFileReference; lastKnownFileType = file; path = ANS_P0_03_02.m4a; sourceTree = "<group>"; };
		6B6E15E01B7CC94D00414291 /* ANS_P0_03_03.m4a */ = {isa = PBXFileReference; lastKnownFileType = file; path = ANS_P0_03_03.m4a; sourceTree = "<group>"; };
		6B6E15E11B7CC94D00414291 /* ANS_P0_03_04.m4a */ = {isa = PBXFileReference; lastKnownFileType = file; path = ANS_P0_03_04.m4a; sourceTree = "<group>"; };
		6B6E15E21B7CC94D00414291 /* ANS_P0_03_05.m4a */ = {isa = PBXFileReference; lastKnownFileType = file; path = ANS_P0_03_05.m4a; sourceTree = "<group>"; };
		6B6E15E31B7CC94D00414291 /* ANS_P0_03_06.m4a */ = {isa = PBXFileReference; lastKnownFileType = file; path = ANS_P0_03_06.m4a; sourceTree = "<group>"; };
		6B6E15E41B7CC94D00414291 /* ANS_P0_03_07.m4a */ = {isa = PBXFileReference; lastKnownFileType = file; path = ANS_P0_03_07.m4a; sourceTree = "<group>"; };
		6B6E15E51B7CC94D00414291 /* ANS_P0_03_08.m4a */ = {isa = PBXFileReference; lastKnownFileType = file; path = ANS_P0_03_08.m4a; sourceTree = "<group>"; };
		6B6E15E61B7CC94D00414291 /* ANS_P0_04_01.m4a */ = {isa = PBXFileReference; lastKnownFileType = file; path = ANS_P0_04_01.m4a; sourceTree = "<group>"; };
		6B6E15E71B7CC94D00414291 /* ANS_P0_04_02.m4a */ = {isa = PBXFileReference; lastKnownFileType = file; path = ANS_P0_04_02.m4a; sourceTree = "<group>"; };
		6B6E15E81B7CC94D00414291 /* ANS_P0_04_03.m4a */ = {isa = PBXFileReference; lastKnownFileType = file; path = ANS_P0_04_03.m4a; sourceTree = "<group>"; };
		6B6E15E91B7CC94D00414291 /* ANS_P0_04_04.m4a */ = {isa = PBXFileReference; lastKnownFileType = file; path = ANS_P0_04_04.m4a; sourceTree = "<group>"; };
		6B6E15EA1B7CC94D00414291 /* ANS_P0_04_05.m4a */ = {isa = PBXFileReference; lastKnownFileType = file; path = ANS_P0_04_05.m4a; sourceTree = "<group>"; };
		6B6E15EB1B7CC94D00414291 /* ANS_P0_04_06.m4a */ = {isa = PBXFileReference; lastKnownFileType = file; path = ANS_P0_04_06.m4a; sourceTree = "<group>"; };
		6B6E15EC1B7CC94D00414291 /* ANS_P0_04_07.m4a */ = {isa = PBXFileReference; lastKnownFileType = file; path = ANS_P0_04_07.m4a; sourceTree = "<group>"; };
		6B6E15ED1B7CC94D00414291 /* ANS_P0_04_08.m4a */ = {isa = PBXFileReference; lastKnownFileType = file; path = ANS_P0_04_08.m4a; sourceTree = "<group>"; };
		6B6E15EE1B7CC94D00414291 /* ANS_P0_05_01.m4a */ = {isa = PBXFileReference; lastKnownFileType = file; path = ANS_P0_05_01.m4a; sourceTree = "<group>"; };
		6B6E15EF1B7CC94D00414291 /* ANS_P0_05_02.m4a */ = {isa = PBXFileReference; lastKnownFileType = file; path = ANS_P0_05_02.m4a; sourceTree = "<group>"; };
		6B6E15F01B7CC94D00414291 /* ANS_P0_05_03.m4a */ = {isa = PBXFileReference; lastKnownFileType = file; path = ANS_P0_05_03.m4a; sourceTree = "<group>"; };
		6B6E15F11B7CC94D00414291 /* ANS_P0_05_04.m4a */ = {isa = PBXFileReference; lastKnownFileType = file; path = ANS_P0_05_04.m4a; sourceTree = "<group>"; };
		6B6E15F21B7CC94D00414291 /* ANS_P0_05_05.m4a */ = {isa = PBXFileReference; lastKnownFileType = file; path = ANS_P0_05_05.m4a; sourceTree = "<group>"; };
		6B6E15F31B7CC94D00414291 /* ANS_P0_05_06.m4a */ = {isa = PBXFileReference; lastKnownFileType = file; path = ANS_P0_05_06.m4a; sourceTree = "<group>"; };
		6B6E15F41B7CC94D00414291 /* ANS_P0_05_07.m4a */ = {isa = PBXFileReference; lastKnownFileType = file; path = ANS_P0_05_07.m4a; sourceTree = "<group>"; };
		6B6E15F51B7CC94D00414291 /* ANS_P0_05_08.m4a */ = {isa = PBXFileReference; lastKnownFileType = file; path = ANS_P0_05_08.m4a; sourceTree = "<group>"; };
		6B6E15F61B7CC94D00414291 /* ANS_P0_06_01.m4a */ = {isa = PBXFileReference; lastKnownFileType = file; path = ANS_P0_06_01.m4a; sourceTree = "<group>"; };
		6B6E15F71B7CC94D00414291 /* ANS_P0_06_02.m4a */ = {isa = PBXFileReference; lastKnownFileType = file; path = ANS_P0_06_02.m4a; sourceTree = "<group>"; };
		6B6E15F81B7CC94D00414291 /* ANS_P0_06_03.m4a */ = {isa = PBXFileReference; lastKnownFileType = file; path = ANS_P0_06_03.m4a; sourceTree = "<group>"; };
		6B6E15F91B7CC94D00414291 /* ANS_P0_06_04.m4a */ = {isa = PBXFileReference; lastKnownFileType = file; path = ANS_P0_06_04.m4a; sourceTree = "<group>"; };
		6B6E15FA1B7CC94D00414291 /* ANS_P0_06_05.m4a */ = {isa = PBXFileReference; lastKnownFileType = file; path = ANS_P0_06_05.m4a; sourceTree = "<group>"; };
		6B6E15FB1B7CC94D00414291 /* ANS_P0_06_06.m4a */ = {isa = PBXFileReference; lastKnownFileType = file; path = ANS_P0_06_06.m4a; sourceTree = "<group>"; };
		6B6E15FC1B7CC94D00414291 /* ANS_P0_06_07.m4a */ = {isa = PBXFileReference; lastKnownFileType = file; path = ANS_P0_06_07.m4a; sourceTree = "<group>"; };
		6B6E15FD1B7CC94D00414291 /* ANS_P0_06_08.m4a */ = {isa = PBXFileReference; lastKnownFileType = file; path = ANS_P0_06_08.m4a; sourceTree = "<group>"; };
		6B6E15FE1B7CC94D00414291 /* ANS_P0_07_01.m4a */ = {isa = PBXFileReference; lastKnownFileType = file; path = ANS_P0_07_01.m4a; sourceTree = "<group>"; };
		6B6E15FF1B7CC94D00414291 /* ANS_P0_07_02.m4a */ = {isa = PBXFileReference; lastKnownFileType = file; path = ANS_P0_07_02.m4a; sourceTree = "<group>"; };
		6B6E16001B7CC94D00414291 /* ANS_P0_07_03.m4a */ = {isa = PBXFileReference; lastKnownFileType = file; path = ANS_P0_07_03.m4a; sourceTree = "<group>"; };
		6B6E16011B7CC94D00414291 /* ANS_P0_07_04.m4a */ = {isa = PBXFileReference; lastKnownFileType = file; path = ANS_P0_07_04.m4a; sourceTree = "<group>"; };
		6B6E16021B7CC94D00414291 /* ANS_P0_07_05.m4a */ = {isa = PBXFileReference; lastKnownFileType = file; path = ANS_P0_07_05.m4a; sourceTree = "<group>"; };
		6B6E16031B7CC94D00414291 /* ANS_P0_07_06.m4a */ = {isa = PBXFileReference; lastKnownFileType = file; path = ANS_P0_07_06.m4a; sourceTree = "<group>"; };
		6B6E16041B7CC94D00414291 /* ANS_P0_07_07.m4a */ = {isa = PBXFileReference; lastKnownFileType = file; path = ANS_P0_07_07.m4a; sourceTree = "<group>"; };
		6B6E16051B7CC94D00414291 /* ANS_P0_07_08.m4a */ = {isa = PBXFileReference; lastKnownFileType = file; path = ANS_P0_07_08.m4a; sourceTree = "<group>"; };
		6B6E16071B7CC94D00414291 /* HI_P0_01_01.m4a */ = {isa = PBXFileReference; lastKnownFileType = file; path = HI_P0_01_01.m4a; sourceTree = "<group>"; };
		6B6E16081B7CC94D00414291 /* HI_P0_01_02.m4a */ = {isa = PBXFileReference; lastKnownFileType = file; path = HI_P0_01_02.m4a; sourceTree = "<group>"; };
		6B6E16091B7CC94D00414291 /* HI_P0_01_03.m4a */ = {isa = PBXFileReference; lastKnownFileType = file; path = HI_P0_01_03.m4a; sourceTree = "<group>"; };
		6B6E160A1B7CC94D00414291 /* HI_P0_02_01.m4a */ = {isa = PBXFileReference; lastKnownFileType = file; path = HI_P0_02_01.m4a; sourceTree = "<group>"; };
		6B6E160B1B7CC94D00414291 /* HI_P0_02_02.m4a */ = {isa = PBXFileReference; lastKnownFileType = file; path = HI_P0_02_02.m4a; sourceTree = "<group>"; };
		6B6E160C1B7CC94D00414291 /* HI_P0_02_03.m4a */ = {isa = PBXFileReference; lastKnownFileType = file; path = HI_P0_02_03.m4a; sourceTree = "<group>"; };
		6B6E160D1B7CC94D00414291 /* HI_P0_03_01.m4a */ = {isa = PBXFileReference; lastKnownFileType = file; path = HI_P0_03_01.m4a; sourceTree = "<group>"; };
		6B6E160E1B7CC94D00414291 /* HI_P0_03_02.m4a */ = {isa = PBXFileReference; lastKnownFileType = file; path = HI_P0_03_02.m4a; sourceTree = "<group>"; };
		6B6E160F1B7CC94D00414291 /* HI_P0_03_03.m4a */ = {isa = PBXFileReference; lastKnownFileType = file; path = HI_P0_03_03.m4a; sourceTree = "<group>"; };
		6B6E16101B7CC94D00414291 /* HI_P0_04_01.m4a */ = {isa = PBXFileReference; lastKnownFileType = file; path = HI_P0_04_01.m4a; sourceTree = "<group>"; };
		6B6E16111B7CC94D00414291 /* HI_P0_04_02.m4a */ = {isa = PBXFileReference; lastKnownFileType = file; path = HI_P0_04_02.m4a; sourceTree = "<group>"; };
		6B6E16121B7CC94D00414291 /* HI_P0_04_03.m4a */ = {isa = PBXFileReference; lastKnownFileType = file; path = HI_P0_04_03.m4a; sourceTree = "<group>"; };
		6B6E16131B7CC94D00414291 /* HI_P0_05_01.m4a */ = {isa = PBXFileReference; lastKnownFileType = file; path = HI_P0_05_01.m4a; sourceTree = "<group>"; };
		6B6E16141B7CC94D00414291 /* HI_P0_05_02.m4a */ = {isa = PBXFileReference; lastKnownFileType = file; path = HI_P0_05_02.m4a; sourceTree = "<group>"; };
		6B6E16151B7CC94D00414291 /* HI_P0_05_03.m4a */ = {isa = PBXFileReference; lastKnownFileType = file; path = HI_P0_05_03.m4a; sourceTree = "<group>"; };
		6B6E16161B7CC94D00414291 /* HI_P0_06_01.m4a */ = {isa = PBXFileReference; lastKnownFileType = file; path = HI_P0_06_01.m4a; sourceTree = "<group>"; };
		6B6E16171B7CC94D00414291 /* HI_P0_06_02.m4a */ = {isa = PBXFileReference; lastKnownFileType = file; path = HI_P0_06_02.m4a; sourceTree = "<group>"; };
		6B6E16181B7CC94D00414291 /* HI_P0_06_03.m4a */ = {isa = PBXFileReference; lastKnownFileType = file; path = HI_P0_06_03.m4a; sourceTree = "<group>"; };
		6B6E16191B7CC94D00414291 /* HI_P0_07_01.m4a */ = {isa = PBXFileReference; lastKnownFileType = file; path = HI_P0_07_01.m4a; sourceTree = "<group>"; };
		6B6E161A1B7CC94D00414291 /* HI_P0_07_02.m4a */ = {isa = PBXFileReference; lastKnownFileType = file; path = HI_P0_07_02.m4a; sourceTree = "<group>"; };
		6B6E161B1B7CC94D00414291 /* HI_P0_07_03.m4a */ = {isa = PBXFileReference; lastKnownFileType = file; path = HI_P0_07_03.m4a; sourceTree = "<group>"; };
		6B6E161D1B7CC94D00414291 /* WARN_P0_01_01.m4a */ = {isa = PBXFileReference; lastKnownFileType = file; path = WARN_P0_01_01.m4a; sourceTree = "<group>"; };
		6B6E161E1B7CC94D00414291 /* WARN_P0_01_02.m4a */ = {isa = PBXFileReference; lastKnownFileType = file; path = WARN_P0_01_02.m4a; sourceTree = "<group>"; };
		6B6E161F1B7CC94D00414291 /* WARN_P0_01_03.m4a */ = {isa = PBXFileReference; lastKnownFileType = file; path = WARN_P0_01_03.m4a; sourceTree = "<group>"; };
		6B6E16201B7CC94D00414291 /* WARN_P0_02_01.m4a */ = {isa = PBXFileReference; lastKnownFileType = file; path = WARN_P0_02_01.m4a; sourceTree = "<group>"; };
		6B6E16211B7CC94D00414291 /* WARN_P0_02_02.m4a */ = {isa = PBXFileReference; lastKnownFileType = file; path = WARN_P0_02_02.m4a; sourceTree = "<group>"; };
		6B6E16221B7CC94D00414291 /* WARN_P0_02_03.m4a */ = {isa = PBXFileReference; lastKnownFileType = file; path = WARN_P0_02_03.m4a; sourceTree = "<group>"; };
		6B6E16231B7CC94D00414291 /* WARN_P0_03_01.m4a */ = {isa = PBXFileReference; lastKnownFileType = file; path = WARN_P0_03_01.m4a; sourceTree = "<group>"; };
		6B6E16241B7CC94D00414291 /* WARN_P0_03_02.m4a */ = {isa = PBXFileReference; lastKnownFileType = file; path = WARN_P0_03_02.m4a; sourceTree = "<group>"; };
		6B6E16251B7CC94D00414291 /* WARN_P0_03_03.m4a */ = {isa = PBXFileReference; lastKnownFileType = file; path = WARN_P0_03_03.m4a; sourceTree = "<group>"; };
		6B6E16261B7CC94D00414291 /* WARN_P0_04_01.m4a */ = {isa = PBXFileReference; lastKnownFileType = file; path = WARN_P0_04_01.m4a; sourceTree = "<group>"; };
		6B6E16271B7CC94D00414291 /* WARN_P0_04_02.m4a */ = {isa = PBXFileReference; lastKnownFileType = file; path = WARN_P0_04_02.m4a; sourceTree = "<group>"; };
		6B6E16281B7CC94D00414291 /* WARN_P0_04_03.m4a */ = {isa = PBXFileReference; lastKnownFileType = file; path = WARN_P0_04_03.m4a; sourceTree = "<group>"; };
		6B6E16291B7CC94D00414291 /* WARN_P0_05_01.m4a */ = {isa = PBXFileReference; lastKnownFileType = file; path = WARN_P0_05_01.m4a; sourceTree = "<group>"; };
		6B6E162A1B7CC94D00414291 /* WARN_P0_05_02.m4a */ = {isa = PBXFileReference; lastKnownFileType = file; path = WARN_P0_05_02.m4a; sourceTree = "<group>"; };
		6B6E162B1B7CC94D00414291 /* WARN_P0_05_03.m4a */ = {isa = PBXFileReference; lastKnownFileType = file; path = WARN_P0_05_03.m4a; sourceTree = "<group>"; };
		6B6E162C1B7CC94D00414291 /* WARN_P0_06_01.m4a */ = {isa = PBXFileReference; lastKnownFileType = file; path = WARN_P0_06_01.m4a; sourceTree = "<group>"; };
		6B6E162D1B7CC94D00414291 /* WARN_P0_06_02.m4a */ = {isa = PBXFileReference; lastKnownFileType = file; path = WARN_P0_06_02.m4a; sourceTree = "<group>"; };
		6B6E162E1B7CC94D00414291 /* WARN_P0_06_03.m4a */ = {isa = PBXFileReference; lastKnownFileType = file; path = WARN_P0_06_03.m4a; sourceTree = "<group>"; };
		6B6E162F1B7CC94D00414291 /* WARN_P0_07_01.m4a */ = {isa = PBXFileReference; lastKnownFileType = file; path = WARN_P0_07_01.m4a; sourceTree = "<group>"; };
		6B6E16301B7CC94D00414291 /* WARN_P0_07_02.m4a */ = {isa = PBXFileReference; lastKnownFileType = file; path = WARN_P0_07_02.m4a; sourceTree = "<group>"; };
		6B6E16311B7CC94D00414291 /* WARN_P0_07_03.m4a */ = {isa = PBXFileReference; lastKnownFileType = file; path = WARN_P0_07_03.m4a; sourceTree = "<group>"; };
		6B6E16941B7CD13C00414291 /* ANSWER.m4a */ = {isa = PBXFileReference; lastKnownFileType = file; path = ANSWER.m4a; sourceTree = "<group>"; };
		6B6E16951B7CD13C00414291 /* QUESTION.m4a */ = {isa = PBXFileReference; lastKnownFileType = file; path = QUESTION.m4a; sourceTree = "<group>"; };
		6B6E16961B7CD13C00414291 /* STOP_QUESTION.m4a */ = {isa = PBXFileReference; lastKnownFileType = file; path = STOP_QUESTION.m4a; sourceTree = "<group>"; };
		6B7CB03D1B6D71C2006DD3C3 /* AppConfiguration.swift */ = {isa = PBXFileReference; fileEncoding = 4; lastKnownFileType = sourcecode.swift; path = AppConfiguration.swift; sourceTree = "<group>"; };
		6B94F2341B74A7E5007207F4 /* Social.framework */ = {isa = PBXFileReference; lastKnownFileType = wrapper.framework; name = Social.framework; path = System/Library/Frameworks/Social.framework; sourceTree = SDKROOT; };
		6BBAF5D11B661C7300BA3FD8 /* hearmebros.app */ = {isa = PBXFileReference; explicitFileType = wrapper.application; includeInIndex = 0; path = hearmebros.app; sourceTree = BUILT_PRODUCTS_DIR; };
		6BBAF5D51B661C7300BA3FD8 /* Info.plist */ = {isa = PBXFileReference; lastKnownFileType = text.plist.xml; path = Info.plist; sourceTree = "<group>"; };
		6BBAF5D61B661C7300BA3FD8 /* AppDelegate.swift */ = {isa = PBXFileReference; lastKnownFileType = sourcecode.swift; path = AppDelegate.swift; sourceTree = "<group>"; };
		6BBAF5D81B661C7300BA3FD8 /* ViewController.swift */ = {isa = PBXFileReference; lastKnownFileType = sourcecode.swift; path = ViewController.swift; sourceTree = "<group>"; };
		6BBAF5DB1B661C7300BA3FD8 /* Base */ = {isa = PBXFileReference; lastKnownFileType = file.storyboard; name = Base; path = Base.lproj/Main.storyboard; sourceTree = "<group>"; };
		6BBAF5DD1B661C7300BA3FD8 /* Images.xcassets */ = {isa = PBXFileReference; lastKnownFileType = folder.assetcatalog; path = Images.xcassets; sourceTree = "<group>"; };
		6BBAF5E01B661C7300BA3FD8 /* Base */ = {isa = PBXFileReference; lastKnownFileType = file.xib; name = Base; path = Base.lproj/LaunchScreen.xib; sourceTree = "<group>"; };
		6BBAF5E61B661C7400BA3FD8 /* hearmebrosTests.xctest */ = {isa = PBXFileReference; explicitFileType = wrapper.cfbundle; includeInIndex = 0; path = hearmebrosTests.xctest; sourceTree = BUILT_PRODUCTS_DIR; };
		6BBAF5EB1B661C7400BA3FD8 /* Info.plist */ = {isa = PBXFileReference; lastKnownFileType = text.plist.xml; path = Info.plist; sourceTree = "<group>"; };
		6BBAF5EC1B661C7400BA3FD8 /* hearmebrosTests.swift */ = {isa = PBXFileReference; lastKnownFileType = sourcecode.swift; path = hearmebrosTests.swift; sourceTree = "<group>"; };
/* End PBXFileReference section */

/* Begin PBXFrameworksBuildPhase section */
		6BBAF5CE1B661C7300BA3FD8 /* Frameworks */ = {
			isa = PBXFrameworksBuildPhase;
			buildActionMask = 2147483647;
			files = (
				6B94F2351B74A7E5007207F4 /* Social.framework in Frameworks */,
				6B5C79C31B7098CB00969741 /* UnityAds.framework in Frameworks */,
				6B5C79C11B7098AB00969741 /* AdSupport.framework in Frameworks */,
				6B5C79BF1B7098A200969741 /* CoreTelephony.framework in Frameworks */,
				6B5C79BD1B70989600969741 /* StoreKit.framework in Frameworks */,
				6B5C79BB1B70988D00969741 /* SystemConfiguration.framework in Frameworks */,
				6B5C79B91B70988100969741 /* CoreMedia.framework in Frameworks */,
				6B5C79B71B70987800969741 /* AVFoundation.framework in Frameworks */,
				6B5C79C71B7098D600969741 /* UnityAds.framework in Frameworks */,
			);
			runOnlyForDeploymentPostprocessing = 0;
		};
		6BBAF5E31B661C7400BA3FD8 /* Frameworks */ = {
			isa = PBXFrameworksBuildPhase;
			buildActionMask = 2147483647;
			files = (
			);
			runOnlyForDeploymentPostprocessing = 0;
		};
/* End PBXFrameworksBuildPhase section */

/* Begin PBXGroup section */
		6B6E15CC1B7CC94D00414291 /* Sound */ = {
			isa = PBXGroup;
			children = (
				6B6E16941B7CD13C00414291 /* ANSWER.m4a */,
				6B6E16951B7CD13C00414291 /* QUESTION.m4a */,
				6B6E16961B7CD13C00414291 /* STOP_QUESTION.m4a */,
				6B6E15CD1B7CC94D00414291 /* Answer */,
				6B6E16061B7CC94D00414291 /* Hello */,
				6B6E161C1B7CC94D00414291 /* Warn */,
			);
			path = Sound;
			sourceTree = "<group>";
		};
		6B6E15CD1B7CC94D00414291 /* Answer */ = {
			isa = PBXGroup;
			children = (
				6B6E15CE1B7CC94D00414291 /* ANS_P0_01_01.m4a */,
				6B6E15CF1B7CC94D00414291 /* ANS_P0_01_02.m4a */,
				6B6E15D01B7CC94D00414291 /* ANS_P0_01_03.m4a */,
				6B6E15D11B7CC94D00414291 /* ANS_P0_01_04.m4a */,
				6B6E15D21B7CC94D00414291 /* ANS_P0_01_05.m4a */,
				6B6E15D31B7CC94D00414291 /* ANS_P0_01_06.m4a */,
				6B6E15D41B7CC94D00414291 /* ANS_P0_01_07.m4a */,
				6B6E15D51B7CC94D00414291 /* ANS_P0_01_08.m4a */,
				6B6E15D61B7CC94D00414291 /* ANS_P0_02_01.m4a */,
				6B6E15D71B7CC94D00414291 /* ANS_P0_02_02.m4a */,
				6B6E15D81B7CC94D00414291 /* ANS_P0_02_03.m4a */,
				6B6E15D91B7CC94D00414291 /* ANS_P0_02_04.m4a */,
				6B6E15DA1B7CC94D00414291 /* ANS_P0_02_05.m4a */,
				6B6E15DB1B7CC94D00414291 /* ANS_P0_02_06.m4a */,
				6B6E15DC1B7CC94D00414291 /* ANS_P0_02_07.m4a */,
				6B6E15DD1B7CC94D00414291 /* ANS_P0_02_08.m4a */,
				6B6E15DE1B7CC94D00414291 /* ANS_P0_03_01.m4a */,
				6B6E15DF1B7CC94D00414291 /* ANS_P0_03_02.m4a */,
				6B6E15E01B7CC94D00414291 /* ANS_P0_03_03.m4a */,
				6B6E15E11B7CC94D00414291 /* ANS_P0_03_04.m4a */,
				6B6E15E21B7CC94D00414291 /* ANS_P0_03_05.m4a */,
				6B6E15E31B7CC94D00414291 /* ANS_P0_03_06.m4a */,
				6B6E15E41B7CC94D00414291 /* ANS_P0_03_07.m4a */,
				6B6E15E51B7CC94D00414291 /* ANS_P0_03_08.m4a */,
				6B6E15E61B7CC94D00414291 /* ANS_P0_04_01.m4a */,
				6B6E15E71B7CC94D00414291 /* ANS_P0_04_02.m4a */,
				6B6E15E81B7CC94D00414291 /* ANS_P0_04_03.m4a */,
				6B6E15E91B7CC94D00414291 /* ANS_P0_04_04.m4a */,
				6B6E15EA1B7CC94D00414291 /* ANS_P0_04_05.m4a */,
				6B6E15EB1B7CC94D00414291 /* ANS_P0_04_06.m4a */,
				6B6E15EC1B7CC94D00414291 /* ANS_P0_04_07.m4a */,
				6B6E15ED1B7CC94D00414291 /* ANS_P0_04_08.m4a */,
				6B6E15EE1B7CC94D00414291 /* ANS_P0_05_01.m4a */,
				6B6E15EF1B7CC94D00414291 /* ANS_P0_05_02.m4a */,
				6B6E15F01B7CC94D00414291 /* ANS_P0_05_03.m4a */,
				6B6E15F11B7CC94D00414291 /* ANS_P0_05_04.m4a */,
				6B6E15F21B7CC94D00414291 /* ANS_P0_05_05.m4a */,
				6B6E15F31B7CC94D00414291 /* ANS_P0_05_06.m4a */,
				6B6E15F41B7CC94D00414291 /* ANS_P0_05_07.m4a */,
				6B6E15F51B7CC94D00414291 /* ANS_P0_05_08.m4a */,
				6B6E15F61B7CC94D00414291 /* ANS_P0_06_01.m4a */,
				6B6E15F71B7CC94D00414291 /* ANS_P0_06_02.m4a */,
				6B6E15F81B7CC94D00414291 /* ANS_P0_06_03.m4a */,
				6B6E15F91B7CC94D00414291 /* ANS_P0_06_04.m4a */,
				6B6E15FA1B7CC94D00414291 /* ANS_P0_06_05.m4a */,
				6B6E15FB1B7CC94D00414291 /* ANS_P0_06_06.m4a */,
				6B6E15FC1B7CC94D00414291 /* ANS_P0_06_07.m4a */,
				6B6E15FD1B7CC94D00414291 /* ANS_P0_06_08.m4a */,
				6B6E15FE1B7CC94D00414291 /* ANS_P0_07_01.m4a */,
				6B6E15FF1B7CC94D00414291 /* ANS_P0_07_02.m4a */,
				6B6E16001B7CC94D00414291 /* ANS_P0_07_03.m4a */,
				6B6E16011B7CC94D00414291 /* ANS_P0_07_04.m4a */,
				6B6E16021B7CC94D00414291 /* ANS_P0_07_05.m4a */,
				6B6E16031B7CC94D00414291 /* ANS_P0_07_06.m4a */,
				6B6E16041B7CC94D00414291 /* ANS_P0_07_07.m4a */,
				6B6E16051B7CC94D00414291 /* ANS_P0_07_08.m4a */,
			);
			path = Answer;
			sourceTree = "<group>";
		};
		6B6E16061B7CC94D00414291 /* Hello */ = {
			isa = PBXGroup;
			children = (
				6B6E16071B7CC94D00414291 /* HI_P0_01_01.m4a */,
				6B6E16081B7CC94D00414291 /* HI_P0_01_02.m4a */,
				6B6E16091B7CC94D00414291 /* HI_P0_01_03.m4a */,
				6B6E160A1B7CC94D00414291 /* HI_P0_02_01.m4a */,
				6B6E160B1B7CC94D00414291 /* HI_P0_02_02.m4a */,
				6B6E160C1B7CC94D00414291 /* HI_P0_02_03.m4a */,
				6B6E160D1B7CC94D00414291 /* HI_P0_03_01.m4a */,
				6B6E160E1B7CC94D00414291 /* HI_P0_03_02.m4a */,
				6B6E160F1B7CC94D00414291 /* HI_P0_03_03.m4a */,
				6B6E16101B7CC94D00414291 /* HI_P0_04_01.m4a */,
				6B6E16111B7CC94D00414291 /* HI_P0_04_02.m4a */,
				6B6E16121B7CC94D00414291 /* HI_P0_04_03.m4a */,
				6B6E16131B7CC94D00414291 /* HI_P0_05_01.m4a */,
				6B6E16141B7CC94D00414291 /* HI_P0_05_02.m4a */,
				6B6E16151B7CC94D00414291 /* HI_P0_05_03.m4a */,
				6B6E16161B7CC94D00414291 /* HI_P0_06_01.m4a */,
				6B6E16171B7CC94D00414291 /* HI_P0_06_02.m4a */,
				6B6E16181B7CC94D00414291 /* HI_P0_06_03.m4a */,
				6B6E16191B7CC94D00414291 /* HI_P0_07_01.m4a */,
				6B6E161A1B7CC94D00414291 /* HI_P0_07_02.m4a */,
				6B6E161B1B7CC94D00414291 /* HI_P0_07_03.m4a */,
			);
			path = Hello;
			sourceTree = "<group>";
		};
		6B6E161C1B7CC94D00414291 /* Warn */ = {
			isa = PBXGroup;
			children = (
				6B6E161D1B7CC94D00414291 /* WARN_P0_01_01.m4a */,
				6B6E161E1B7CC94D00414291 /* WARN_P0_01_02.m4a */,
				6B6E161F1B7CC94D00414291 /* WARN_P0_01_03.m4a */,
				6B6E16201B7CC94D00414291 /* WARN_P0_02_01.m4a */,
				6B6E16211B7CC94D00414291 /* WARN_P0_02_02.m4a */,
				6B6E16221B7CC94D00414291 /* WARN_P0_02_03.m4a */,
				6B6E16231B7CC94D00414291 /* WARN_P0_03_01.m4a */,
				6B6E16241B7CC94D00414291 /* WARN_P0_03_02.m4a */,
				6B6E16251B7CC94D00414291 /* WARN_P0_03_03.m4a */,
				6B6E16261B7CC94D00414291 /* WARN_P0_04_01.m4a */,
				6B6E16271B7CC94D00414291 /* WARN_P0_04_02.m4a */,
				6B6E16281B7CC94D00414291 /* WARN_P0_04_03.m4a */,
				6B6E16291B7CC94D00414291 /* WARN_P0_05_01.m4a */,
				6B6E162A1B7CC94D00414291 /* WARN_P0_05_02.m4a */,
				6B6E162B1B7CC94D00414291 /* WARN_P0_05_03.m4a */,
				6B6E162C1B7CC94D00414291 /* WARN_P0_06_01.m4a */,
				6B6E162D1B7CC94D00414291 /* WARN_P0_06_02.m4a */,
				6B6E162E1B7CC94D00414291 /* WARN_P0_06_03.m4a */,
				6B6E162F1B7CC94D00414291 /* WARN_P0_07_01.m4a */,
				6B6E16301B7CC94D00414291 /* WARN_P0_07_02.m4a */,
				6B6E16311B7CC94D00414291 /* WARN_P0_07_03.m4a */,
			);
			path = Warn;
			sourceTree = "<group>";
		};
		6BBAF5C81B661C7300BA3FD8 = {
			isa = PBXGroup;
			children = (
				6B94F2341B74A7E5007207F4 /* Social.framework */,
				6B5C79C41B7098D600969741 /* UnityAds.bundle */,
				6B5C79C51B7098D600969741 /* UnityAds.framework */,
				6B5C79C21B7098CB00969741 /* UnityAds.framework */,
				6B5C79C01B7098AB00969741 /* AdSupport.framework */,
				6B5C79BE1B7098A200969741 /* CoreTelephony.framework */,
				6B5C79BC1B70989600969741 /* StoreKit.framework */,
				6B5C79BA1B70988D00969741 /* SystemConfiguration.framework */,
				6B5C79B81B70988100969741 /* CoreMedia.framework */,
				6B5C79B61B70987800969741 /* AVFoundation.framework */,
				6BBAF5D31B661C7300BA3FD8 /* hearmebros */,
				6BBAF5E91B661C7400BA3FD8 /* hearmebrosTests */,
				6BBAF5D21B661C7300BA3FD8 /* Products */,
			);
			sourceTree = "<group>";
		};
		6BBAF5D21B661C7300BA3FD8 /* Products */ = {
			isa = PBXGroup;
			children = (
				6BBAF5D11B661C7300BA3FD8 /* hearmebros.app */,
				6BBAF5E61B661C7400BA3FD8 /* hearmebrosTests.xctest */,
			);
			name = Products;
			sourceTree = "<group>";
		};
		6BBAF5D31B661C7300BA3FD8 /* hearmebros */ = {
			isa = PBXGroup;
			children = (
				6B6E15CC1B7CC94D00414291 /* Sound */,
				6B0292741B6FBDE0004E36D8 /* CEMovieMaker.h */,
				6B0292751B6FBDE0004E36D8 /* CEMovieMaker.m */,
				6B0292761B6FBDE0004E36D8 /* HearMeBros-Bridging-Header.h */,
				6B7CB03D1B6D71C2006DD3C3 /* AppConfiguration.swift */,
				6BBAF5D61B661C7300BA3FD8 /* AppDelegate.swift */,
				6BBAF5D81B661C7300BA3FD8 /* ViewController.swift */,
				6BBAF5DA1B661C7300BA3FD8 /* Main.storyboard */,
				6BBAF5DD1B661C7300BA3FD8 /* Images.xcassets */,
				6BBAF5DF1B661C7300BA3FD8 /* LaunchScreen.xib */,
				6BBAF5D41B661C7300BA3FD8 /* Supporting Files */,
			);
			path = hearmebros;
			sourceTree = "<group>";
		};
		6BBAF5D41B661C7300BA3FD8 /* Supporting Files */ = {
			isa = PBXGroup;
			children = (
				6BBAF5D51B661C7300BA3FD8 /* Info.plist */,
			);
			name = "Supporting Files";
			sourceTree = "<group>";
		};
		6BBAF5E91B661C7400BA3FD8 /* hearmebrosTests */ = {
			isa = PBXGroup;
			children = (
				6BBAF5EC1B661C7400BA3FD8 /* hearmebrosTests.swift */,
				6BBAF5EA1B661C7400BA3FD8 /* Supporting Files */,
			);
			path = hearmebrosTests;
			sourceTree = "<group>";
		};
		6BBAF5EA1B661C7400BA3FD8 /* Supporting Files */ = {
			isa = PBXGroup;
			children = (
				6BBAF5EB1B661C7400BA3FD8 /* Info.plist */,
			);
			name = "Supporting Files";
			sourceTree = "<group>";
		};
/* End PBXGroup section */

/* Begin PBXNativeTarget section */
		6BBAF5D01B661C7300BA3FD8 /* hearmebros */ = {
			isa = PBXNativeTarget;
			buildConfigurationList = 6BBAF5F01B661C7400BA3FD8 /* Build configuration list for PBXNativeTarget "hearmebros" */;
			buildPhases = (
				6BBAF5CD1B661C7300BA3FD8 /* Sources */,
				6BBAF5CE1B661C7300BA3FD8 /* Frameworks */,
				6BBAF5CF1B661C7300BA3FD8 /* Resources */,
			);
			buildRules = (
			);
			dependencies = (
			);
			name = hearmebros;
			productName = hearmebros;
			productReference = 6BBAF5D11B661C7300BA3FD8 /* hearmebros.app */;
			productType = "com.apple.product-type.application";
		};
		6BBAF5E51B661C7400BA3FD8 /* hearmebrosTests */ = {
			isa = PBXNativeTarget;
			buildConfigurationList = 6BBAF5F31B661C7400BA3FD8 /* Build configuration list for PBXNativeTarget "hearmebrosTests" */;
			buildPhases = (
				6BBAF5E21B661C7400BA3FD8 /* Sources */,
				6BBAF5E31B661C7400BA3FD8 /* Frameworks */,
				6BBAF5E41B661C7400BA3FD8 /* Resources */,
			);
			buildRules = (
			);
			dependencies = (
				6BBAF5E81B661C7400BA3FD8 /* PBXTargetDependency */,
			);
			name = hearmebrosTests;
			productName = hearmebrosTests;
			productReference = 6BBAF5E61B661C7400BA3FD8 /* hearmebrosTests.xctest */;
			productType = "com.apple.product-type.bundle.unit-test";
		};
/* End PBXNativeTarget section */

/* Begin PBXProject section */
		6BBAF5C91B661C7300BA3FD8 /* Project object */ = {
			isa = PBXProject;
			attributes = {
				LastUpgradeCheck = 0640;
				ORGANIZATIONNAME = Pawarit_Bunrith;
				TargetAttributes = {
					6BBAF5D01B661C7300BA3FD8 = {
						CreatedOnToolsVersion = 6.4;
					};
					6BBAF5E51B661C7400BA3FD8 = {
						CreatedOnToolsVersion = 6.4;
						TestTargetID = 6BBAF5D01B661C7300BA3FD8;
					};
				};
			};
			buildConfigurationList = 6BBAF5CC1B661C7300BA3FD8 /* Build configuration list for PBXProject "hearmebros" */;
			compatibilityVersion = "Xcode 3.2";
			developmentRegion = English;
			hasScannedForEncodings = 0;
			knownRegions = (
				en,
				Base,
			);
			mainGroup = 6BBAF5C81B661C7300BA3FD8;
			productRefGroup = 6BBAF5D21B661C7300BA3FD8 /* Products */;
			projectDirPath = "";
			projectRoot = "";
			targets = (
				6BBAF5D01B661C7300BA3FD8 /* hearmebros */,
				6BBAF5E51B661C7400BA3FD8 /* hearmebrosTests */,
			);
		};
/* End PBXProject section */

/* Begin PBXResourcesBuildPhase section */
		6BBAF5CF1B661C7300BA3FD8 /* Resources */ = {
			isa = PBXResourcesBuildPhase;
			buildActionMask = 2147483647;
			files = (
				6B6E16881B7CC94D00414291 /* WARN_P0_04_01.m4a in Resources */,
				6B6E16391B7CC94D00414291 /* ANS_P0_01_08.m4a in Resources */,
				6B6E16331B7CC94D00414291 /* ANS_P0_01_02.m4a in Resources */,
				6B6E16731B7CC94D00414291 /* HI_P0_04_01.m4a in Resources */,
				6B6E16471B7CC94D00414291 /* ANS_P0_03_06.m4a in Resources */,
				6B6E167B1B7CC94D00414291 /* HI_P0_06_03.m4a in Resources */,
				6B6E16511B7CC94D00414291 /* ANS_P0_04_08.m4a in Resources */,
				6B6E164F1B7CC94D00414291 /* ANS_P0_04_06.m4a in Resources */,
				6B6E16431B7CC94D00414291 /* ANS_P0_03_02.m4a in Resources */,
				6BBAF5DC1B661C7300BA3FD8 /* Main.storyboard in Resources */,
				6B6E16991B7CD13C00414291 /* STOP_QUESTION.m4a in Resources */,
				6BBAF5E11B661C7300BA3FD8 /* LaunchScreen.xib in Resources */,
				6B6E16811B7CC94D00414291 /* WARN_P0_01_03.m4a in Resources */,
				6B6E16761B7CC94D00414291 /* HI_P0_05_01.m4a in Resources */,
				6B6E166B1B7CC94D00414291 /* HI_P0_01_02.m4a in Resources */,
				6B6E16591B7CC94D00414291 /* ANS_P0_05_08.m4a in Resources */,
				6B6E16641B7CC94D00414291 /* ANS_P0_07_03.m4a in Resources */,
				6B6E16621B7CC94D00414291 /* ANS_P0_07_01.m4a in Resources */,
				6B6E16551B7CC94D00414291 /* ANS_P0_05_04.m4a in Resources */,
				6B6E16441B7CC94D00414291 /* ANS_P0_03_03.m4a in Resources */,
				6B6E16791B7CC94D00414291 /* HI_P0_06_01.m4a in Resources */,
				6B6E164D1B7CC94D00414291 /* ANS_P0_04_04.m4a in Resources */,
				6B6E16691B7CC94D00414291 /* ANS_P0_07_08.m4a in Resources */,
				6B6E16581B7CC94D00414291 /* ANS_P0_05_07.m4a in Resources */,
				6B6E168E1B7CC94D00414291 /* WARN_P0_06_01.m4a in Resources */,
				6B6E167A1B7CC94D00414291 /* HI_P0_06_02.m4a in Resources */,
				6B6E16531B7CC94D00414291 /* ANS_P0_05_02.m4a in Resources */,
				6B6E16461B7CC94D00414291 /* ANS_P0_03_05.m4a in Resources */,
				6B6E16421B7CC94D00414291 /* ANS_P0_03_01.m4a in Resources */,
				6B6E16651B7CC94D00414291 /* ANS_P0_07_04.m4a in Resources */,
				6B6E167C1B7CC94D00414291 /* HI_P0_07_01.m4a in Resources */,
				6B6E16341B7CC94D00414291 /* ANS_P0_01_03.m4a in Resources */,
				6B6E168C1B7CC94D00414291 /* WARN_P0_05_02.m4a in Resources */,
				6B6E16411B7CC94D00414291 /* ANS_P0_02_08.m4a in Resources */,
				6B6E16871B7CC94D00414291 /* WARN_P0_03_03.m4a in Resources */,
				6B6E164A1B7CC94D00414291 /* ANS_P0_04_01.m4a in Resources */,
				6B6E16631B7CC94D00414291 /* ANS_P0_07_02.m4a in Resources */,
				6B6E165A1B7CC94D00414291 /* ANS_P0_06_01.m4a in Resources */,
				6B6E16701B7CC94D00414291 /* HI_P0_03_01.m4a in Resources */,
				6B6E16851B7CC94D00414291 /* WARN_P0_03_01.m4a in Resources */,
				6B6E16681B7CC94D00414291 /* ANS_P0_07_07.m4a in Resources */,
				6B6E16401B7CC94D00414291 /* ANS_P0_02_07.m4a in Resources */,
				6B6E164C1B7CC94D00414291 /* ANS_P0_04_03.m4a in Resources */,
				6B6E16891B7CC94D00414291 /* WARN_P0_04_02.m4a in Resources */,
				6B6E16971B7CD13C00414291 /* ANSWER.m4a in Resources */,
				6B6E163F1B7CC94D00414291 /* ANS_P0_02_06.m4a in Resources */,
				6B6E16781B7CC94D00414291 /* HI_P0_05_03.m4a in Resources */,
				6B6E165E1B7CC94D00414291 /* ANS_P0_06_05.m4a in Resources */,
				6B6E16481B7CC94D00414291 /* ANS_P0_03_07.m4a in Resources */,
				6B6E16541B7CC94D00414291 /* ANS_P0_05_03.m4a in Resources */,
				6B6E16821B7CC94D00414291 /* WARN_P0_02_01.m4a in Resources */,
				6B6E165D1B7CC94D00414291 /* ANS_P0_06_04.m4a in Resources */,
				6B6E165C1B7CC94D00414291 /* ANS_P0_06_03.m4a in Resources */,
				6B6E16741B7CC94D00414291 /* HI_P0_04_02.m4a in Resources */,
				6B6E163D1B7CC94D00414291 /* ANS_P0_02_04.m4a in Resources */,
				6B6E16611B7CC94D00414291 /* ANS_P0_06_08.m4a in Resources */,
				6B6E168B1B7CC94D00414291 /* WARN_P0_05_01.m4a in Resources */,
				6B6E16831B7CC94D00414291 /* WARN_P0_02_02.m4a in Resources */,
				6B6E16711B7CC94D00414291 /* HI_P0_03_02.m4a in Resources */,
				6B6E163C1B7CC94D00414291 /* ANS_P0_02_03.m4a in Resources */,
				6B6E16721B7CC94D00414291 /* HI_P0_03_03.m4a in Resources */,
				6B6E166C1B7CC94D00414291 /* HI_P0_01_03.m4a in Resources */,
				6B6E16371B7CC94D00414291 /* ANS_P0_01_06.m4a in Resources */,
				6B6E163A1B7CC94D00414291 /* ANS_P0_02_01.m4a in Resources */,
				6B6E16571B7CC94D00414291 /* ANS_P0_05_06.m4a in Resources */,
				6B6E16501B7CC94D00414291 /* ANS_P0_04_07.m4a in Resources */,
				6B6E16491B7CC94D00414291 /* ANS_P0_03_08.m4a in Resources */,
				6B6E16671B7CC94D00414291 /* ANS_P0_07_06.m4a in Resources */,
				6B6E16921B7CC94D00414291 /* WARN_P0_07_02.m4a in Resources */,
				6B6E16981B7CD13C00414291 /* QUESTION.m4a in Resources */,
				6B6E166E1B7CC94D00414291 /* HI_P0_02_02.m4a in Resources */,
				6B6E16771B7CC94D00414291 /* HI_P0_05_02.m4a in Resources */,
				6B6E166A1B7CC94D00414291 /* HI_P0_01_01.m4a in Resources */,
				6B6E163B1B7CC94D00414291 /* ANS_P0_02_02.m4a in Resources */,
				6B6E16351B7CC94D00414291 /* ANS_P0_01_04.m4a in Resources */,
				6B6E16901B7CC94D00414291 /* WARN_P0_06_03.m4a in Resources */,
				6B6E166D1B7CC94D00414291 /* HI_P0_02_01.m4a in Resources */,
				6B6E167E1B7CC94D00414291 /* HI_P0_07_03.m4a in Resources */,
				6B6E163E1B7CC94D00414291 /* ANS_P0_02_05.m4a in Resources */,
				6BBAF5DE1B661C7300BA3FD8 /* Images.xcassets in Resources */,
				6B6E16801B7CC94D00414291 /* WARN_P0_01_02.m4a in Resources */,
				6B6E16931B7CC94D00414291 /* WARN_P0_07_03.m4a in Resources */,
				6B6E165F1B7CC94D00414291 /* ANS_P0_06_06.m4a in Resources */,
				6B6E16381B7CC94D00414291 /* ANS_P0_01_07.m4a in Resources */,
				6B6E164E1B7CC94D00414291 /* ANS_P0_04_05.m4a in Resources */,
				6B6E16661B7CC94D00414291 /* ANS_P0_07_05.m4a in Resources */,
				6B6E16561B7CC94D00414291 /* ANS_P0_05_05.m4a in Resources */,
				6B6E16841B7CC94D00414291 /* WARN_P0_02_03.m4a in Resources */,
				6B6E165B1B7CC94D00414291 /* ANS_P0_06_02.m4a in Resources */,
				6B6E167D1B7CC94D00414291 /* HI_P0_07_02.m4a in Resources */,
				6B6E16521B7CC94D00414291 /* ANS_P0_05_01.m4a in Resources */,
				6B6E16911B7CC94D00414291 /* WARN_P0_07_01.m4a in Resources */,
				6B6E16361B7CC94D00414291 /* ANS_P0_01_05.m4a in Resources */,
				6B6E167F1B7CC94D00414291 /* WARN_P0_01_01.m4a in Resources */,
				6B6E166F1B7CC94D00414291 /* HI_P0_02_03.m4a in Resources */,
				6B6E16861B7CC94D00414291 /* WARN_P0_03_02.m4a in Resources */,
				6B6E16601B7CC94D00414291 /* ANS_P0_06_07.m4a in Resources */,
				6B5C79C61B7098D600969741 /* UnityAds.bundle in Resources */,
				6B6E16751B7CC94D00414291 /* HI_P0_04_03.m4a in Resources */,
				6B6E164B1B7CC94D00414291 /* ANS_P0_04_02.m4a in Resources */,
				6B6E16451B7CC94D00414291 /* ANS_P0_03_04.m4a in Resources */,
				6B6E168F1B7CC94D00414291 /* WARN_P0_06_02.m4a in Resources */,
				6B6E168A1B7CC94D00414291 /* WARN_P0_04_03.m4a in Resources */,
				6B6E168D1B7CC94D00414291 /* WARN_P0_05_03.m4a in Resources */,
				6B6E16321B7CC94D00414291 /* ANS_P0_01_01.m4a in Resources */,
			);
			runOnlyForDeploymentPostprocessing = 0;
		};
		6BBAF5E41B661C7400BA3FD8 /* Resources */ = {
			isa = PBXResourcesBuildPhase;
			buildActionMask = 2147483647;
			files = (
			);
			runOnlyForDeploymentPostprocessing = 0;
		};
/* End PBXResourcesBuildPhase section */

/* Begin PBXSourcesBuildPhase section */
		6BBAF5CD1B661C7300BA3FD8 /* Sources */ = {
			isa = PBXSourcesBuildPhase;
			buildActionMask = 2147483647;
			files = (
				6B7CB03E1B6D71C2006DD3C3 /* AppConfiguration.swift in Sources */,
				6B0292771B6FBDE0004E36D8 /* CEMovieMaker.m in Sources */,
				6BBAF5D91B661C7300BA3FD8 /* ViewController.swift in Sources */,
				6BBAF5D71B661C7300BA3FD8 /* AppDelegate.swift in Sources */,
			);
			runOnlyForDeploymentPostprocessing = 0;
		};
		6BBAF5E21B661C7400BA3FD8 /* Sources */ = {
			isa = PBXSourcesBuildPhase;
			buildActionMask = 2147483647;
			files = (
				6BBAF5ED1B661C7400BA3FD8 /* hearmebrosTests.swift in Sources */,
			);
			runOnlyForDeploymentPostprocessing = 0;
		};
/* End PBXSourcesBuildPhase section */

/* Begin PBXTargetDependency section */
		6BBAF5E81B661C7400BA3FD8 /* PBXTargetDependency */ = {
			isa = PBXTargetDependency;
			target = 6BBAF5D01B661C7300BA3FD8 /* hearmebros */;
			targetProxy = 6BBAF5E71B661C7400BA3FD8 /* PBXContainerItemProxy */;
		};
/* End PBXTargetDependency section */

/* Begin PBXVariantGroup section */
		6BBAF5DA1B661C7300BA3FD8 /* Main.storyboard */ = {
			isa = PBXVariantGroup;
			children = (
				6BBAF5DB1B661C7300BA3FD8 /* Base */,
			);
			name = Main.storyboard;
			sourceTree = "<group>";
		};
		6BBAF5DF1B661C7300BA3FD8 /* LaunchScreen.xib */ = {
			isa = PBXVariantGroup;
			children = (
				6BBAF5E01B661C7300BA3FD8 /* Base */,
			);
			name = LaunchScreen.xib;
			sourceTree = "<group>";
		};
/* End PBXVariantGroup section */

/* Begin XCBuildConfiguration section */
		6BBAF5EE1B661C7400BA3FD8 /* Debug */ = {
			isa = XCBuildConfiguration;
			buildSettings = {
				ALWAYS_SEARCH_USER_PATHS = NO;
				CLANG_CXX_LANGUAGE_STANDARD = "gnu++0x";
				CLANG_CXX_LIBRARY = "libc++";
				CLANG_ENABLE_MODULES = YES;
				CLANG_ENABLE_OBJC_ARC = YES;
				CLANG_WARN_BOOL_CONVERSION = YES;
				CLANG_WARN_CONSTANT_CONVERSION = YES;
				CLANG_WARN_DIRECT_OBJC_ISA_USAGE = YES_ERROR;
				CLANG_WARN_EMPTY_BODY = YES;
				CLANG_WARN_ENUM_CONVERSION = YES;
				CLANG_WARN_INT_CONVERSION = YES;
				CLANG_WARN_OBJC_ROOT_CLASS = YES_ERROR;
				CLANG_WARN_UNREACHABLE_CODE = YES;
				CLANG_WARN__DUPLICATE_METHOD_MATCH = YES;
				"CODE_SIGN_IDENTITY[sdk=iphoneos*]" = "iPhone Developer";
				COPY_PHASE_STRIP = NO;
				DEBUG_INFORMATION_FORMAT = "dwarf-with-dsym";
				ENABLE_STRICT_OBJC_MSGSEND = YES;
				GCC_C_LANGUAGE_STANDARD = gnu99;
				GCC_DYNAMIC_NO_PIC = NO;
				GCC_NO_COMMON_BLOCKS = YES;
				GCC_OPTIMIZATION_LEVEL = 0;
				GCC_PREPROCESSOR_DEFINITIONS = (
					"DEBUG=1",
					"$(inherited)",
				);
				GCC_SYMBOLS_PRIVATE_EXTERN = NO;
				GCC_WARN_64_TO_32_BIT_CONVERSION = YES;
				GCC_WARN_ABOUT_RETURN_TYPE = YES_ERROR;
				GCC_WARN_UNDECLARED_SELECTOR = YES;
				GCC_WARN_UNINITIALIZED_AUTOS = YES_AGGRESSIVE;
				GCC_WARN_UNUSED_FUNCTION = YES;
				GCC_WARN_UNUSED_VARIABLE = YES;
				IPHONEOS_DEPLOYMENT_TARGET = 8.4;
				MTL_ENABLE_DEBUG_INFO = YES;
				ONLY_ACTIVE_ARCH = YES;
				SDKROOT = iphoneos;
				SWIFT_OPTIMIZATION_LEVEL = "-Onone";
				TARGETED_DEVICE_FAMILY = "1,2";
			};
			name = Debug;
		};
		6BBAF5EF1B661C7400BA3FD8 /* Release */ = {
			isa = XCBuildConfiguration;
			buildSettings = {
				ALWAYS_SEARCH_USER_PATHS = NO;
				CLANG_CXX_LANGUAGE_STANDARD = "gnu++0x";
				CLANG_CXX_LIBRARY = "libc++";
				CLANG_ENABLE_MODULES = YES;
				CLANG_ENABLE_OBJC_ARC = YES;
				CLANG_WARN_BOOL_CONVERSION = YES;
				CLANG_WARN_CONSTANT_CONVERSION = YES;
				CLANG_WARN_DIRECT_OBJC_ISA_USAGE = YES_ERROR;
				CLANG_WARN_EMPTY_BODY = YES;
				CLANG_WARN_ENUM_CONVERSION = YES;
				CLANG_WARN_INT_CONVERSION = YES;
				CLANG_WARN_OBJC_ROOT_CLASS = YES_ERROR;
				CLANG_WARN_UNREACHABLE_CODE = YES;
				CLANG_WARN__DUPLICATE_METHOD_MATCH = YES;
				"CODE_SIGN_IDENTITY[sdk=iphoneos*]" = "iPhone Developer";
				COPY_PHASE_STRIP = NO;
				DEBUG_INFORMATION_FORMAT = "dwarf-with-dsym";
				ENABLE_NS_ASSERTIONS = NO;
				ENABLE_STRICT_OBJC_MSGSEND = YES;
				GCC_C_LANGUAGE_STANDARD = gnu99;
				GCC_NO_COMMON_BLOCKS = YES;
				GCC_WARN_64_TO_32_BIT_CONVERSION = YES;
				GCC_WARN_ABOUT_RETURN_TYPE = YES_ERROR;
				GCC_WARN_UNDECLARED_SELECTOR = YES;
				GCC_WARN_UNINITIALIZED_AUTOS = YES_AGGRESSIVE;
				GCC_WARN_UNUSED_FUNCTION = YES;
				GCC_WARN_UNUSED_VARIABLE = YES;
				IPHONEOS_DEPLOYMENT_TARGET = 8.4;
				MTL_ENABLE_DEBUG_INFO = NO;
				SDKROOT = iphoneos;
				TARGETED_DEVICE_FAMILY = "1,2";
				VALIDATE_PRODUCT = YES;
			};
			name = Release;
		};
		6BBAF5F11B661C7400BA3FD8 /* Debug */ = {
			isa = XCBuildConfiguration;
			buildSettings = {
				ASSETCATALOG_COMPILER_APPICON_NAME = AppIcon;
				FRAMEWORK_SEARCH_PATHS = (
					"$(inherited)",
					"$(PROJECT_DIR)",
				);
				INFOPLIST_FILE = hearmebros/Info.plist;
				LD_RUNPATH_SEARCH_PATHS = "$(inherited) @executable_path/Frameworks";
				PRODUCT_NAME = "$(TARGET_NAME)";
				SWIFT_OBJC_BRIDGING_HEADER = "/Users/pawarit.b/Workspace/IOS_Workspace/hearmebros/hearmebros/HearMeBros-Bridging-Header.h";
			};
			name = Debug;
		};
		6BBAF5F21B661C7400BA3FD8 /* Release */ = {
			isa = XCBuildConfiguration;
			buildSettings = {
				ASSETCATALOG_COMPILER_APPICON_NAME = AppIcon;
				FRAMEWORK_SEARCH_PATHS = (
					"$(inherited)",
					"$(PROJECT_DIR)",
				);
				INFOPLIST_FILE = hearmebros/Info.plist;
				LD_RUNPATH_SEARCH_PATHS = "$(inherited) @executable_path/Frameworks";
				PRODUCT_NAME = "$(TARGET_NAME)";
				SWIFT_OBJC_BRIDGING_HEADER = "/Users/pawarit.b/Workspace/IOS_Workspace/hearmebros/hearmebros/HearMeBros-Bridging-Header.h";
			};
			name = Release;
		};
		6BBAF5F41B661C7400BA3FD8 /* Debug */ = {
			isa = XCBuildConfiguration;
			buildSettings = {
				BUNDLE_LOADER = "$(TEST_HOST)";
				FRAMEWORK_SEARCH_PATHS = (
					"$(SDKROOT)/Developer/Library/Frameworks",
					"$(inherited)",
				);
				GCC_PREPROCESSOR_DEFINITIONS = (
					"DEBUG=1",
					"$(inherited)",
				);
				INFOPLIST_FILE = hearmebrosTests/Info.plist;
				LD_RUNPATH_SEARCH_PATHS = "$(inherited) @executable_path/Frameworks @loader_path/Frameworks";
				PRODUCT_NAME = "$(TARGET_NAME)";
				TEST_HOST = "$(BUILT_PRODUCTS_DIR)/hearmebros.app/hearmebros";
			};
			name = Debug;
		};
		6BBAF5F51B661C7400BA3FD8 /* Release */ = {
			isa = XCBuildConfiguration;
			buildSettings = {
				BUNDLE_LOADER = "$(TEST_HOST)";
				FRAMEWORK_SEARCH_PATHS = (
					"$(SDKROOT)/Developer/Library/Frameworks",
					"$(inherited)",
				);
				INFOPLIST_FILE = hearmebrosTests/Info.plist;
				LD_RUNPATH_SEARCH_PATHS = "$(inherited) @executable_path/Frameworks @loader_path/Frameworks";
				PRODUCT_NAME = "$(TARGET_NAME)";
				TEST_HOST = "$(BUILT_PRODUCTS_DIR)/hearmebros.app/hearmebros";
			};
			name = Release;
		};
/* End XCBuildConfiguration section */

/* Begin XCConfigurationList section */
		6BBAF5CC1B661C7300BA3FD8 /* Build configuration list for PBXProject "hearmebros" */ = {
			isa = XCConfigurationList;
			buildConfigurations = (
				6BBAF5EE1B661C7400BA3FD8 /* Debug */,
				6BBAF5EF1B661C7400BA3FD8 /* Release */,
			);
			defaultConfigurationIsVisible = 0;
			defaultConfigurationName = Release;
		};
		6BBAF5F01B661C7400BA3FD8 /* Build configuration list for PBXNativeTarget "hearmebros" */ = {
			isa = XCConfigurationList;
			buildConfigurations = (
				6BBAF5F11B661C7400BA3FD8 /* Debug */,
				6BBAF5F21B661C7400BA3FD8 /* Release */,
			);
			defaultConfigurationIsVisible = 0;
			defaultConfigurationName = Release;
		};
		6BBAF5F31B661C7400BA3FD8 /* Build configuration list for PBXNativeTarget "hearmebrosTests" */ = {
			isa = XCConfigurationList;
			buildConfigurations = (
				6BBAF5F41B661C7400BA3FD8 /* Debug */,
				6BBAF5F51B661C7400BA3FD8 /* Release */,
			);
			defaultConfigurationIsVisible = 0;
			defaultConfigurationName = Release;
		};
/* End XCConfigurationList section */
	};
	rootObject = 6BBAF5C91B661C7300BA3FD8 /* Project object */;
}
